// !$*UTF8*$!
{
	archiveVersion = 1;
	classes = {
	};
	objectVersion = 55;
	objects = {

/* Begin PBXBuildFile section */
		92115F45286F165600F42700 /* AppDelegate.swift in Sources */ = {isa = PBXBuildFile; fileRef = 92115F44286F165600F42700 /* AppDelegate.swift */; };
		92115F47286F165600F42700 /* SceneDelegate.swift in Sources */ = {isa = PBXBuildFile; fileRef = 92115F46286F165600F42700 /* SceneDelegate.swift */; };
		92115F49286F165600F42700 /* ProfileVC.swift in Sources */ = {isa = PBXBuildFile; fileRef = 92115F48286F165600F42700 /* ProfileVC.swift */; };
		92115F4E286F165B00F42700 /* Assets.xcassets in Resources */ = {isa = PBXBuildFile; fileRef = 92115F4D286F165B00F42700 /* Assets.xcassets */; };
		92115F51286F165B00F42700 /* LaunchScreen.storyboard in Resources */ = {isa = PBXBuildFile; fileRef = 92115F4F286F165B00F42700 /* LaunchScreen.storyboard */; };
		92115F5B286F242600F42700 /* EndpointType.swift in Sources */ = {isa = PBXBuildFile; fileRef = 92115F5A286F242600F42700 /* EndpointType.swift */; };
		92115F5F286F261600F42700 /* HTTPMethod.swift in Sources */ = {isa = PBXBuildFile; fileRef = 92115F5E286F261600F42700 /* HTTPMethod.swift */; };
		92115F61286F264900F42700 /* HTTPTask.swift in Sources */ = {isa = PBXBuildFile; fileRef = 92115F60286F264900F42700 /* HTTPTask.swift */; };
		92115F64286F268F00F42700 /* ParameterEncoder.swift in Sources */ = {isa = PBXBuildFile; fileRef = 92115F63286F268F00F42700 /* ParameterEncoder.swift */; };
		92115F66286F367E00F42700 /* URLParameterEncoder.swift in Sources */ = {isa = PBXBuildFile; fileRef = 92115F65286F367E00F42700 /* URLParameterEncoder.swift */; };
		92115F68286F391000F42700 /* JSONParameterEncoder.swift in Sources */ = {isa = PBXBuildFile; fileRef = 92115F67286F391000F42700 /* JSONParameterEncoder.swift */; };
		92115F6A286F39BC00F42700 /* NetworkRouter.swift in Sources */ = {isa = PBXBuildFile; fileRef = 92115F69286F39BC00F42700 /* NetworkRouter.swift */; };
		92115F6D286F3B3E00F42700 /* URLSessionRouter.swift in Sources */ = {isa = PBXBuildFile; fileRef = 92115F6C286F3B3E00F42700 /* URLSessionRouter.swift */; };
		92115F71286FE43500F42700 /* NetworkManager.swift in Sources */ = {isa = PBXBuildFile; fileRef = 92115F70286FE43500F42700 /* NetworkManager.swift */; };
		92115F73286FE58F00F42700 /* GitHubAPI.swift in Sources */ = {isa = PBXBuildFile; fileRef = 92115F72286FE58F00F42700 /* GitHubAPI.swift */; };
		92115F75286FF96B00F42700 /* NetworkResponse.swift in Sources */ = {isa = PBXBuildFile; fileRef = 92115F74286FF96B00F42700 /* NetworkResponse.swift */; };
		92115F782870045600F42700 /* User.swift in Sources */ = {isa = PBXBuildFile; fileRef = 92115F772870045600F42700 /* User.swift */; };
		92115F7A287009A900F42700 /* Repository.swift in Sources */ = {isa = PBXBuildFile; fileRef = 92115F79287009A900F42700 /* Repository.swift */; };
		92115F7C28700D8600F42700 /* Pull.swift in Sources */ = {isa = PBXBuildFile; fileRef = 92115F7B28700D8600F42700 /* Pull.swift */; };
		92115F7F2870450400F42700 /* Coordinator.swift in Sources */ = {isa = PBXBuildFile; fileRef = 92115F7E2870450400F42700 /* Coordinator.swift */; };
		92115F84287045D100F42700 /* AppFonts.swift in Sources */ = {isa = PBXBuildFile; fileRef = 92115F83287045D100F42700 /* AppFonts.swift */; };
		92115F86287045E200F42700 /* AppColors.swift in Sources */ = {isa = PBXBuildFile; fileRef = 92115F85287045E200F42700 /* AppColors.swift */; };
		92115F892870466C00F42700 /* UIViewExtension.swift in Sources */ = {isa = PBXBuildFile; fileRef = 92115F882870466C00F42700 /* UIViewExtension.swift */; };
		92115F8B287046B500F42700 /* UITableViewExtension.swift in Sources */ = {isa = PBXBuildFile; fileRef = 92115F8A287046B500F42700 /* UITableViewExtension.swift */; };
		92115F8D2870472000F42700 /* ProfileVM.swift in Sources */ = {isa = PBXBuildFile; fileRef = 92115F8C2870472000F42700 /* ProfileVM.swift */; };
		92115F8F2870476A00F42700 /* ProfileCoordinator.swift in Sources */ = {isa = PBXBuildFile; fileRef = 92115F8E2870476A00F42700 /* ProfileCoordinator.swift */; };
		92115F92287060EA00F42700 /* RepoVM.swift in Sources */ = {isa = PBXBuildFile; fileRef = 92115F91287060EA00F42700 /* RepoVM.swift */; };
		92115F99287063D900F42700 /* ProfileTableViewCell.swift in Sources */ = {isa = PBXBuildFile; fileRef = 92115F98287063D900F42700 /* ProfileTableViewCell.swift */; };
		92115F9B28707C6F00F42700 /* UserVM.swift in Sources */ = {isa = PBXBuildFile; fileRef = 92115F9A28707C6F00F42700 /* UserVM.swift */; };
		92115F9D287083B800F42700 /* UIImageViewExtension.swift in Sources */ = {isa = PBXBuildFile; fileRef = 92115F9C287083B800F42700 /* UIImageViewExtension.swift */; };
/* End PBXBuildFile section */

/* Begin PBXFileReference section */
		92115F41286F165600F42700 /* navi-challange.app */ = {isa = PBXFileReference; explicitFileType = wrapper.application; includeInIndex = 0; path = "navi-challange.app"; sourceTree = BUILT_PRODUCTS_DIR; };
		92115F44286F165600F42700 /* AppDelegate.swift */ = {isa = PBXFileReference; lastKnownFileType = sourcecode.swift; path = AppDelegate.swift; sourceTree = "<group>"; };
		92115F46286F165600F42700 /* SceneDelegate.swift */ = {isa = PBXFileReference; lastKnownFileType = sourcecode.swift; path = SceneDelegate.swift; sourceTree = "<group>"; };
		92115F48286F165600F42700 /* ProfileVC.swift */ = {isa = PBXFileReference; lastKnownFileType = sourcecode.swift; path = ProfileVC.swift; sourceTree = "<group>"; };
		92115F4D286F165B00F42700 /* Assets.xcassets */ = {isa = PBXFileReference; lastKnownFileType = folder.assetcatalog; path = Assets.xcassets; sourceTree = "<group>"; };
		92115F50286F165B00F42700 /* Base */ = {isa = PBXFileReference; lastKnownFileType = file.storyboard; name = Base; path = Base.lproj/LaunchScreen.storyboard; sourceTree = "<group>"; };
		92115F52286F165B00F42700 /* Info.plist */ = {isa = PBXFileReference; lastKnownFileType = text.plist.xml; path = Info.plist; sourceTree = "<group>"; };
		92115F5A286F242600F42700 /* EndpointType.swift */ = {isa = PBXFileReference; lastKnownFileType = sourcecode.swift; path = EndpointType.swift; sourceTree = "<group>"; };
		92115F5E286F261600F42700 /* HTTPMethod.swift */ = {isa = PBXFileReference; lastKnownFileType = sourcecode.swift; path = HTTPMethod.swift; sourceTree = "<group>"; };
		92115F60286F264900F42700 /* HTTPTask.swift */ = {isa = PBXFileReference; lastKnownFileType = sourcecode.swift; path = HTTPTask.swift; sourceTree = "<group>"; };
		92115F63286F268F00F42700 /* ParameterEncoder.swift */ = {isa = PBXFileReference; lastKnownFileType = sourcecode.swift; path = ParameterEncoder.swift; sourceTree = "<group>"; };
		92115F65286F367E00F42700 /* URLParameterEncoder.swift */ = {isa = PBXFileReference; lastKnownFileType = sourcecode.swift; path = URLParameterEncoder.swift; sourceTree = "<group>"; };
		92115F67286F391000F42700 /* JSONParameterEncoder.swift */ = {isa = PBXFileReference; lastKnownFileType = sourcecode.swift; path = JSONParameterEncoder.swift; sourceTree = "<group>"; };
		92115F69286F39BC00F42700 /* NetworkRouter.swift */ = {isa = PBXFileReference; lastKnownFileType = sourcecode.swift; path = NetworkRouter.swift; sourceTree = "<group>"; };
		92115F6C286F3B3E00F42700 /* URLSessionRouter.swift */ = {isa = PBXFileReference; lastKnownFileType = sourcecode.swift; path = URLSessionRouter.swift; sourceTree = "<group>"; };
		92115F70286FE43500F42700 /* NetworkManager.swift */ = {isa = PBXFileReference; lastKnownFileType = sourcecode.swift; path = NetworkManager.swift; sourceTree = "<group>"; };
		92115F72286FE58F00F42700 /* GitHubAPI.swift */ = {isa = PBXFileReference; lastKnownFileType = sourcecode.swift; path = GitHubAPI.swift; sourceTree = "<group>"; };
		92115F74286FF96B00F42700 /* NetworkResponse.swift */ = {isa = PBXFileReference; lastKnownFileType = sourcecode.swift; path = NetworkResponse.swift; sourceTree = "<group>"; };
		92115F772870045600F42700 /* User.swift */ = {isa = PBXFileReference; lastKnownFileType = sourcecode.swift; path = User.swift; sourceTree = "<group>"; };
		92115F79287009A900F42700 /* Repository.swift */ = {isa = PBXFileReference; lastKnownFileType = sourcecode.swift; path = Repository.swift; sourceTree = "<group>"; };
		92115F7B28700D8600F42700 /* Pull.swift */ = {isa = PBXFileReference; lastKnownFileType = sourcecode.swift; path = Pull.swift; sourceTree = "<group>"; };
		92115F7E2870450400F42700 /* Coordinator.swift */ = {isa = PBXFileReference; lastKnownFileType = sourcecode.swift; path = Coordinator.swift; sourceTree = "<group>"; };
		92115F83287045D100F42700 /* AppFonts.swift */ = {isa = PBXFileReference; lastKnownFileType = sourcecode.swift; path = AppFonts.swift; sourceTree = "<group>"; };
		92115F85287045E200F42700 /* AppColors.swift */ = {isa = PBXFileReference; lastKnownFileType = sourcecode.swift; path = AppColors.swift; sourceTree = "<group>"; };
		92115F882870466C00F42700 /* UIViewExtension.swift */ = {isa = PBXFileReference; lastKnownFileType = sourcecode.swift; path = UIViewExtension.swift; sourceTree = "<group>"; };
		92115F8A287046B500F42700 /* UITableViewExtension.swift */ = {isa = PBXFileReference; lastKnownFileType = sourcecode.swift; path = UITableViewExtension.swift; sourceTree = "<group>"; };
		92115F8C2870472000F42700 /* ProfileVM.swift */ = {isa = PBXFileReference; lastKnownFileType = sourcecode.swift; path = ProfileVM.swift; sourceTree = "<group>"; };
		92115F8E2870476A00F42700 /* ProfileCoordinator.swift */ = {isa = PBXFileReference; lastKnownFileType = sourcecode.swift; path = ProfileCoordinator.swift; sourceTree = "<group>"; };
		92115F91287060EA00F42700 /* RepoVM.swift */ = {isa = PBXFileReference; lastKnownFileType = sourcecode.swift; path = RepoVM.swift; sourceTree = "<group>"; };
		92115F98287063D900F42700 /* ProfileTableViewCell.swift */ = {isa = PBXFileReference; lastKnownFileType = sourcecode.swift; path = ProfileTableViewCell.swift; sourceTree = "<group>"; };
		92115F9A28707C6F00F42700 /* UserVM.swift */ = {isa = PBXFileReference; lastKnownFileType = sourcecode.swift; path = UserVM.swift; sourceTree = "<group>"; };
		92115F9C287083B800F42700 /* UIImageViewExtension.swift */ = {isa = PBXFileReference; lastKnownFileType = sourcecode.swift; path = UIImageViewExtension.swift; sourceTree = "<group>"; };
/* End PBXFileReference section */

/* Begin PBXFrameworksBuildPhase section */
		92115F3E286F165600F42700 /* Frameworks */ = {
			isa = PBXFrameworksBuildPhase;
			buildActionMask = 2147483647;
			files = (
			);
			runOnlyForDeploymentPostprocessing = 0;
		};
/* End PBXFrameworksBuildPhase section */

/* Begin PBXGroup section */
		92115F38286F165600F42700 = {
			isa = PBXGroup;
			children = (
				92115F43286F165600F42700 /* navi-challange */,
				92115F42286F165600F42700 /* Products */,
			);
			sourceTree = "<group>";
		};
		92115F42286F165600F42700 /* Products */ = {
			isa = PBXGroup;
			children = (
				92115F41286F165600F42700 /* navi-challange.app */,
			);
			name = Products;
			sourceTree = "<group>";
		};
		92115F43286F165600F42700 /* navi-challange */ = {
			isa = PBXGroup;
			children = (
				92115F762870044700F42700 /* Models */,
				92115F82287045BE00F42700 /* Utilities */,
				92115F7D287044CF00F42700 /* Coordinator */,
				92115F802870455B00F42700 /* Modules */,
				92115F59286F233100F42700 /* Networking */,
				92115F58286F166F00F42700 /* Resources */,
				92115F52286F165B00F42700 /* Info.plist */,
			);
			path = "navi-challange";
			sourceTree = "<group>";
		};
		92115F58286F166F00F42700 /* Resources */ = {
			isa = PBXGroup;
			children = (
				92115F44286F165600F42700 /* AppDelegate.swift */,
				92115F46286F165600F42700 /* SceneDelegate.swift */,
				92115F4F286F165B00F42700 /* LaunchScreen.storyboard */,
				92115F4D286F165B00F42700 /* Assets.xcassets */,
			);
			path = Resources;
			sourceTree = "<group>";
		};
		92115F59286F233100F42700 /* Networking */ = {
			isa = PBXGroup;
			children = (
				92115F6F286FE41200F42700 /* Manager */,
				92115F5C286F25E000F42700 /* Endpoint */,
				92115F5D286F25F000F42700 /* Services */,
				92115F62286F266E00F42700 /* Encoding */,
			);
			path = Networking;
			sourceTree = "<group>";
		};
		92115F5C286F25E000F42700 /* Endpoint */ = {
			isa = PBXGroup;
			children = (
				92115F5A286F242600F42700 /* EndpointType.swift */,
				92115F72286FE58F00F42700 /* GitHubAPI.swift */,
			);
			path = Endpoint;
			sourceTree = "<group>";
		};
		92115F5D286F25F000F42700 /* Services */ = {
			isa = PBXGroup;
			children = (
				92115F5E286F261600F42700 /* HTTPMethod.swift */,
				92115F60286F264900F42700 /* HTTPTask.swift */,
				92115F69286F39BC00F42700 /* NetworkRouter.swift */,
				92115F6E286F3B8800F42700 /* Routers */,
			);
			path = Services;
			sourceTree = "<group>";
		};
		92115F62286F266E00F42700 /* Encoding */ = {
			isa = PBXGroup;
			children = (
				92115F63286F268F00F42700 /* ParameterEncoder.swift */,
				92115F65286F367E00F42700 /* URLParameterEncoder.swift */,
				92115F67286F391000F42700 /* JSONParameterEncoder.swift */,
			);
			path = Encoding;
			sourceTree = "<group>";
		};
		92115F6E286F3B8800F42700 /* Routers */ = {
			isa = PBXGroup;
			children = (
				92115F6C286F3B3E00F42700 /* URLSessionRouter.swift */,
			);
			path = Routers;
			sourceTree = "<group>";
		};
		92115F6F286FE41200F42700 /* Manager */ = {
			isa = PBXGroup;
			children = (
				92115F70286FE43500F42700 /* NetworkManager.swift */,
				92115F74286FF96B00F42700 /* NetworkResponse.swift */,
			);
			path = Manager;
			sourceTree = "<group>";
		};
		92115F762870044700F42700 /* Models */ = {
			isa = PBXGroup;
			children = (
				92115F772870045600F42700 /* User.swift */,
				92115F79287009A900F42700 /* Repository.swift */,
				92115F7B28700D8600F42700 /* Pull.swift */,
			);
			path = Models;
			sourceTree = "<group>";
		};
		92115F7D287044CF00F42700 /* Coordinator */ = {
			isa = PBXGroup;
			children = (
				92115F7E2870450400F42700 /* Coordinator.swift */,
			);
			path = Coordinator;
			sourceTree = "<group>";
		};
		92115F802870455B00F42700 /* Modules */ = {
			isa = PBXGroup;
			children = (
				92115F812870456200F42700 /* ProfileModule */,
			);
			path = Modules;
			sourceTree = "<group>";
		};
		92115F812870456200F42700 /* ProfileModule */ = {
			isa = PBXGroup;
			children = (
				92115F8E2870476A00F42700 /* ProfileCoordinator.swift */,
				92115F962870631600F42700 /* Controller */,
				92115F972870632500F42700 /* View */,
				92115F952870630A00F42700 /* ViewModel */,
			);
			path = ProfileModule;
			sourceTree = "<group>";
		};
		92115F82287045BE00F42700 /* Utilities */ = {
			isa = PBXGroup;
			children = (
				92115F83287045D100F42700 /* AppFonts.swift */,
				92115F85287045E200F42700 /* AppColors.swift */,
				92115F872870460C00F42700 /* Extensions */,
			);
			path = Utilities;
			sourceTree = "<group>";
		};
		92115F872870460C00F42700 /* Extensions */ = {
			isa = PBXGroup;
			children = (
				92115F882870466C00F42700 /* UIViewExtension.swift */,
				92115F8A287046B500F42700 /* UITableViewExtension.swift */,
				92115F9C287083B800F42700 /* UIImageViewExtension.swift */,
			);
			path = Extensions;
			sourceTree = "<group>";
		};
		92115F952870630A00F42700 /* ViewModel */ = {
			isa = PBXGroup;
			children = (
				92115F8C2870472000F42700 /* ProfileVM.swift */,
				92115F9A28707C6F00F42700 /* UserVM.swift */,
				92115F91287060EA00F42700 /* RepoVM.swift */,
			);
			path = ViewModel;
			sourceTree = "<group>";
		};
		92115F962870631600F42700 /* Controller */ = {
			isa = PBXGroup;
			children = (
				92115F48286F165600F42700 /* ProfileVC.swift */,
			);
			path = Controller;
			sourceTree = "<group>";
		};
		92115F972870632500F42700 /* View */ = {
			isa = PBXGroup;
			children = (
				92115F98287063D900F42700 /* ProfileTableViewCell.swift */,
			);
			path = View;
			sourceTree = "<group>";
		};
/* End PBXGroup section */

/* Begin PBXNativeTarget section */
		92115F40286F165600F42700 /* navi-challange */ = {
			isa = PBXNativeTarget;
			buildConfigurationList = 92115F55286F165B00F42700 /* Build configuration list for PBXNativeTarget "navi-challange" */;
			buildPhases = (
				92115F3D286F165600F42700 /* Sources */,
				92115F3E286F165600F42700 /* Frameworks */,
				92115F3F286F165600F42700 /* Resources */,
			);
			buildRules = (
			);
			dependencies = (
			);
			name = "navi-challange";
			productName = "navi-challange";
			productReference = 92115F41286F165600F42700 /* navi-challange.app */;
			productType = "com.apple.product-type.application";
		};
/* End PBXNativeTarget section */

/* Begin PBXProject section */
		92115F39286F165600F42700 /* Project object */ = {
			isa = PBXProject;
			attributes = {
				BuildIndependentTargetsInParallel = 1;
				LastSwiftUpdateCheck = 1330;
				LastUpgradeCheck = 1330;
				TargetAttributes = {
					92115F40286F165600F42700 = {
						CreatedOnToolsVersion = 13.3.1;
					};
				};
			};
			buildConfigurationList = 92115F3C286F165600F42700 /* Build configuration list for PBXProject "navi-challange" */;
			compatibilityVersion = "Xcode 13.0";
			developmentRegion = en;
			hasScannedForEncodings = 0;
			knownRegions = (
				en,
				Base,
			);
			mainGroup = 92115F38286F165600F42700;
			productRefGroup = 92115F42286F165600F42700 /* Products */;
			projectDirPath = "";
			projectRoot = "";
			targets = (
				92115F40286F165600F42700 /* navi-challange */,
			);
		};
/* End PBXProject section */

/* Begin PBXResourcesBuildPhase section */
		92115F3F286F165600F42700 /* Resources */ = {
			isa = PBXResourcesBuildPhase;
			buildActionMask = 2147483647;
			files = (
				92115F51286F165B00F42700 /* LaunchScreen.storyboard in Resources */,
				92115F4E286F165B00F42700 /* Assets.xcassets in Resources */,
			);
			runOnlyForDeploymentPostprocessing = 0;
		};
/* End PBXResourcesBuildPhase section */

/* Begin PBXSourcesBuildPhase section */
		92115F3D286F165600F42700 /* Sources */ = {
			isa = PBXSourcesBuildPhase;
			buildActionMask = 2147483647;
			files = (
				92115F71286FE43500F42700 /* NetworkManager.swift in Sources */,
				92115F6D286F3B3E00F42700 /* URLSessionRouter.swift in Sources */,
				92115F66286F367E00F42700 /* URLParameterEncoder.swift in Sources */,
				92115F61286F264900F42700 /* HTTPTask.swift in Sources */,
				92115F73286FE58F00F42700 /* GitHubAPI.swift in Sources */,
				92115F5B286F242600F42700 /* EndpointType.swift in Sources */,
				92115F84287045D100F42700 /* AppFonts.swift in Sources */,
				92115F7F2870450400F42700 /* Coordinator.swift in Sources */,
				92115F92287060EA00F42700 /* RepoVM.swift in Sources */,
				92115F99287063D900F42700 /* ProfileTableViewCell.swift in Sources */,
				92115F8F2870476A00F42700 /* ProfileCoordinator.swift in Sources */,
				92115F892870466C00F42700 /* UIViewExtension.swift in Sources */,
				92115F49286F165600F42700 /* ProfileVC.swift in Sources */,
				92115F5F286F261600F42700 /* HTTPMethod.swift in Sources */,
				92115F782870045600F42700 /* User.swift in Sources */,
				92115F68286F391000F42700 /* JSONParameterEncoder.swift in Sources */,
				92115F9B28707C6F00F42700 /* UserVM.swift in Sources */,
				92115F75286FF96B00F42700 /* NetworkResponse.swift in Sources */,
				92115F7A287009A900F42700 /* Repository.swift in Sources */,
				92115F45286F165600F42700 /* AppDelegate.swift in Sources */,
				92115F7C28700D8600F42700 /* Pull.swift in Sources */,
				92115F6A286F39BC00F42700 /* NetworkRouter.swift in Sources */,
				92115F9D287083B800F42700 /* UIImageViewExtension.swift in Sources */,
				92115F86287045E200F42700 /* AppColors.swift in Sources */,
				92115F8B287046B500F42700 /* UITableViewExtension.swift in Sources */,
				92115F47286F165600F42700 /* SceneDelegate.swift in Sources */,
				92115F64286F268F00F42700 /* ParameterEncoder.swift in Sources */,
				92115F8D2870472000F42700 /* ProfileVM.swift in Sources */,
			);
			runOnlyForDeploymentPostprocessing = 0;
		};
/* End PBXSourcesBuildPhase section */

/* Begin PBXVariantGroup section */
		92115F4F286F165B00F42700 /* LaunchScreen.storyboard */ = {
			isa = PBXVariantGroup;
			children = (
				92115F50286F165B00F42700 /* Base */,
			);
			name = LaunchScreen.storyboard;
			sourceTree = "<group>";
		};
/* End PBXVariantGroup section */

/* Begin XCBuildConfiguration section */
		92115F53286F165B00F42700 /* Debug */ = {
			isa = XCBuildConfiguration;
			buildSettings = {
				ALWAYS_SEARCH_USER_PATHS = NO;
				CLANG_ANALYZER_NONNULL = YES;
				CLANG_ANALYZER_NUMBER_OBJECT_CONVERSION = YES_AGGRESSIVE;
				CLANG_CXX_LANGUAGE_STANDARD = "gnu++17";
				CLANG_ENABLE_MODULES = YES;
				CLANG_ENABLE_OBJC_ARC = YES;
				CLANG_ENABLE_OBJC_WEAK = YES;
				CLANG_WARN_BLOCK_CAPTURE_AUTORELEASING = YES;
				CLANG_WARN_BOOL_CONVERSION = YES;
				CLANG_WARN_COMMA = YES;
				CLANG_WARN_CONSTANT_CONVERSION = YES;
				CLANG_WARN_DEPRECATED_OBJC_IMPLEMENTATIONS = YES;
				CLANG_WARN_DIRECT_OBJC_ISA_USAGE = YES_ERROR;
				CLANG_WARN_DOCUMENTATION_COMMENTS = YES;
				CLANG_WARN_EMPTY_BODY = YES;
				CLANG_WARN_ENUM_CONVERSION = YES;
				CLANG_WARN_INFINITE_RECURSION = YES;
				CLANG_WARN_INT_CONVERSION = YES;
				CLANG_WARN_NON_LITERAL_NULL_CONVERSION = YES;
				CLANG_WARN_OBJC_IMPLICIT_RETAIN_SELF = YES;
				CLANG_WARN_OBJC_LITERAL_CONVERSION = YES;
				CLANG_WARN_OBJC_ROOT_CLASS = YES_ERROR;
				CLANG_WARN_QUOTED_INCLUDE_IN_FRAMEWORK_HEADER = YES;
				CLANG_WARN_RANGE_LOOP_ANALYSIS = YES;
				CLANG_WARN_STRICT_PROTOTYPES = YES;
				CLANG_WARN_SUSPICIOUS_MOVE = YES;
				CLANG_WARN_UNGUARDED_AVAILABILITY = YES_AGGRESSIVE;
				CLANG_WARN_UNREACHABLE_CODE = YES;
				CLANG_WARN__DUPLICATE_METHOD_MATCH = YES;
				COPY_PHASE_STRIP = NO;
				DEBUG_INFORMATION_FORMAT = dwarf;
				ENABLE_STRICT_OBJC_MSGSEND = YES;
				ENABLE_TESTABILITY = YES;
				GCC_C_LANGUAGE_STANDARD = gnu11;
				GCC_DYNAMIC_NO_PIC = NO;
				GCC_NO_COMMON_BLOCKS = YES;
				GCC_OPTIMIZATION_LEVEL = 0;
				GCC_PREPROCESSOR_DEFINITIONS = (
					"DEBUG=1",
					"$(inherited)",
				);
				GCC_WARN_64_TO_32_BIT_CONVERSION = YES;
				GCC_WARN_ABOUT_RETURN_TYPE = YES_ERROR;
				GCC_WARN_UNDECLARED_SELECTOR = YES;
				GCC_WARN_UNINITIALIZED_AUTOS = YES_AGGRESSIVE;
				GCC_WARN_UNUSED_FUNCTION = YES;
				GCC_WARN_UNUSED_VARIABLE = YES;
				IPHONEOS_DEPLOYMENT_TARGET = 15.4;
				MTL_ENABLE_DEBUG_INFO = INCLUDE_SOURCE;
				MTL_FAST_MATH = YES;
				ONLY_ACTIVE_ARCH = YES;
				SDKROOT = iphoneos;
				SWIFT_ACTIVE_COMPILATION_CONDITIONS = DEBUG;
				SWIFT_OPTIMIZATION_LEVEL = "-Onone";
			};
			name = Debug;
		};
		92115F54286F165B00F42700 /* Release */ = {
			isa = XCBuildConfiguration;
			buildSettings = {
				ALWAYS_SEARCH_USER_PATHS = NO;
				CLANG_ANALYZER_NONNULL = YES;
				CLANG_ANALYZER_NUMBER_OBJECT_CONVERSION = YES_AGGRESSIVE;
				CLANG_CXX_LANGUAGE_STANDARD = "gnu++17";
				CLANG_ENABLE_MODULES = YES;
				CLANG_ENABLE_OBJC_ARC = YES;
				CLANG_ENABLE_OBJC_WEAK = YES;
				CLANG_WARN_BLOCK_CAPTURE_AUTORELEASING = YES;
				CLANG_WARN_BOOL_CONVERSION = YES;
				CLANG_WARN_COMMA = YES;
				CLANG_WARN_CONSTANT_CONVERSION = YES;
				CLANG_WARN_DEPRECATED_OBJC_IMPLEMENTATIONS = YES;
				CLANG_WARN_DIRECT_OBJC_ISA_USAGE = YES_ERROR;
				CLANG_WARN_DOCUMENTATION_COMMENTS = YES;
				CLANG_WARN_EMPTY_BODY = YES;
				CLANG_WARN_ENUM_CONVERSION = YES;
				CLANG_WARN_INFINITE_RECURSION = YES;
				CLANG_WARN_INT_CONVERSION = YES;
				CLANG_WARN_NON_LITERAL_NULL_CONVERSION = YES;
				CLANG_WARN_OBJC_IMPLICIT_RETAIN_SELF = YES;
				CLANG_WARN_OBJC_LITERAL_CONVERSION = YES;
				CLANG_WARN_OBJC_ROOT_CLASS = YES_ERROR;
				CLANG_WARN_QUOTED_INCLUDE_IN_FRAMEWORK_HEADER = YES;
				CLANG_WARN_RANGE_LOOP_ANALYSIS = YES;
				CLANG_WARN_STRICT_PROTOTYPES = YES;
				CLANG_WARN_SUSPICIOUS_MOVE = YES;
				CLANG_WARN_UNGUARDED_AVAILABILITY = YES_AGGRESSIVE;
				CLANG_WARN_UNREACHABLE_CODE = YES;
				CLANG_WARN__DUPLICATE_METHOD_MATCH = YES;
				COPY_PHASE_STRIP = NO;
				DEBUG_INFORMATION_FORMAT = "dwarf-with-dsym";
				ENABLE_NS_ASSERTIONS = NO;
				ENABLE_STRICT_OBJC_MSGSEND = YES;
				GCC_C_LANGUAGE_STANDARD = gnu11;
				GCC_NO_COMMON_BLOCKS = YES;
				GCC_WARN_64_TO_32_BIT_CONVERSION = YES;
				GCC_WARN_ABOUT_RETURN_TYPE = YES_ERROR;
				GCC_WARN_UNDECLARED_SELECTOR = YES;
				GCC_WARN_UNINITIALIZED_AUTOS = YES_AGGRESSIVE;
				GCC_WARN_UNUSED_FUNCTION = YES;
				GCC_WARN_UNUSED_VARIABLE = YES;
				IPHONEOS_DEPLOYMENT_TARGET = 15.4;
				MTL_ENABLE_DEBUG_INFO = NO;
				MTL_FAST_MATH = YES;
				SDKROOT = iphoneos;
				SWIFT_COMPILATION_MODE = wholemodule;
				SWIFT_OPTIMIZATION_LEVEL = "-O";
				VALIDATE_PRODUCT = YES;
			};
			name = Release;
		};
		92115F56286F165B00F42700 /* Debug */ = {
			isa = XCBuildConfiguration;
			buildSettings = {
				ASSETCATALOG_COMPILER_APPICON_NAME = AppIcon;
				ASSETCATALOG_COMPILER_GLOBAL_ACCENT_COLOR_NAME = AccentColor;
				CODE_SIGN_STYLE = Automatic;
				CURRENT_PROJECT_VERSION = 1;
				DEVELOPMENT_TEAM = 3G95JV9S9H;
				GENERATE_INFOPLIST_FILE = YES;
				INFOPLIST_FILE = "navi-challange/Info.plist";
				INFOPLIST_KEY_UIApplicationSupportsIndirectInputEvents = YES;
				INFOPLIST_KEY_UILaunchStoryboardName = LaunchScreen;
				INFOPLIST_KEY_UISupportedInterfaceOrientations_iPad = "UIInterfaceOrientationPortrait UIInterfaceOrientationPortraitUpsideDown UIInterfaceOrientationLandscapeLeft UIInterfaceOrientationLandscapeRight";
				INFOPLIST_KEY_UISupportedInterfaceOrientations_iPhone = "UIInterfaceOrientationPortrait UIInterfaceOrientationLandscapeLeft UIInterfaceOrientationLandscapeRight";
				LD_RUNPATH_SEARCH_PATHS = (
					"$(inherited)",
					"@executable_path/Frameworks",
				);
				MARKETING_VERSION = 1.0;
				PRODUCT_BUNDLE_IDENTIFIER = "com.amanchawla.navi-challange";
				PRODUCT_NAME = "$(TARGET_NAME)";
				SWIFT_EMIT_LOC_STRINGS = YES;
				SWIFT_VERSION = 5.0;
				TARGETED_DEVICE_FAMILY = "1,2";
			};
			name = Debug;
		};
		92115F57286F165B00F42700 /* Release */ = {
			isa = XCBuildConfiguration;
			buildSettings = {
				ASSETCATALOG_COMPILER_APPICON_NAME = AppIcon;
				ASSETCATALOG_COMPILER_GLOBAL_ACCENT_COLOR_NAME = AccentColor;
				CODE_SIGN_STYLE = Automatic;
				CURRENT_PROJECT_VERSION = 1;
				DEVELOPMENT_TEAM = 3G95JV9S9H;
				GENERATE_INFOPLIST_FILE = YES;
				INFOPLIST_FILE = "navi-challange/Info.plist";
				INFOPLIST_KEY_UIApplicationSupportsIndirectInputEvents = YES;
				INFOPLIST_KEY_UILaunchStoryboardName = LaunchScreen;
				INFOPLIST_KEY_UISupportedInterfaceOrientations_iPad = "UIInterfaceOrientationPortrait UIInterfaceOrientationPortraitUpsideDown UIInterfaceOrientationLandscapeLeft UIInterfaceOrientationLandscapeRight";
				INFOPLIST_KEY_UISupportedInterfaceOrientations_iPhone = "UIInterfaceOrientationPortrait UIInterfaceOrientationLandscapeLeft UIInterfaceOrientationLandscapeRight";
				LD_RUNPATH_SEARCH_PATHS = (
					"$(inherited)",
					"@executable_path/Frameworks",
				);
				MARKETING_VERSION = 1.0;
				PRODUCT_BUNDLE_IDENTIFIER = "com.amanchawla.navi-challange";
				PRODUCT_NAME = "$(TARGET_NAME)";
				SWIFT_EMIT_LOC_STRINGS = YES;
				SWIFT_VERSION = 5.0;
				TARGETED_DEVICE_FAMILY = "1,2";
			};
			name = Release;
		};
/* End XCBuildConfiguration section */

/* Begin XCConfigurationList section */
		92115F3C286F165600F42700 /* Build configuration list for PBXProject "navi-challange" */ = {
			isa = XCConfigurationList;
			buildConfigurations = (
				92115F53286F165B00F42700 /* Debug */,
				92115F54286F165B00F42700 /* Release */,
			);
			defaultConfigurationIsVisible = 0;
			defaultConfigurationName = Release;
		};
		92115F55286F165B00F42700 /* Build configuration list for PBXNativeTarget "navi-challange" */ = {
			isa = XCConfigurationList;
			buildConfigurations = (
				92115F56286F165B00F42700 /* Debug */,
				92115F57286F165B00F42700 /* Release */,
			);
			defaultConfigurationIsVisible = 0;
			defaultConfigurationName = Release;
		};
/* End XCConfigurationList section */
	};
	rootObject = 92115F39286F165600F42700 /* Project object */;
}
